
Microsoft Visual Studio Solution File, Format Version 12.00
# Visual Studio Version 17
VisualStudioVersion = 17.11.35431.28
MinimumVisualStudioVersion = 10.0.40219.1
Project("{FAE04EC0-301F-11D3-BF4B-00C04F79EFBC}") = "SimpleCode_Course_Part_2", "SimpleCode_Course_Part_2.csproj", "{831D30B7-EB0B-485A-A205-D19FC86E4A50}"
EndProject
Global
	GlobalSection(SolutionConfigurationPlatforms) = preSolution
		Debug|Any CPU = Debug|Any CPU
		Release|Any CPU = Release|Any CPU
	EndGlobalSection
	GlobalSection(ProjectConfigurationPlatforms) = postSolution
		{831D30B7-EB0B-485A-A205-D19FC86E4A50}.Debug|Any CPU.ActiveCfg = Debug|Any CPU
		{831D30B7-EB0B-485A-A205-D19FC86E4A50}.Debug|Any CPU.Build.0 = Debug|Any CPU
		{831D30B7-EB0B-485A-A205-D19FC86E4A50}.Release|Any CPU.ActiveCfg = Release|Any CPU
		{831D30B7-EB0B-485A-A205-D19FC86E4A50}.Release|Any CPU.Build.0 = Release|Any CPU
	EndGlobalSection
	GlobalSection(SolutionProperties) = preSolution
		HideSolutionNode = FALSE
	EndGlobalSection
	GlobalSection(ExtensibilityGlobals) = postSolution
		SolutionGuid = {32BC3060-21B7-4EC6-8B58-F680127E6ABA}
	EndGlobalSection
EndGlobal
